<?xml version="1.0" encoding="utf-8"?>
<Project ToolsVersion="4.0" xmlns="http://schemas.microsoft.com/developer/msbuild/2003">
  <ItemGroup>
    <Filter Include="源文件">
      <UniqueIdentifier>{4FC737F1-C7A5-4376-A066-2A32D752A2FF}</UniqueIdentifier>
      <Extensions>cpp;c;cc;cxx;c++;cppm;ixx;def;odl;idl;hpj;bat;asm;asmx</Extensions>
    </Filter>
    <Filter Include="头文件">
      <UniqueIdentifier>{93995380-89BD-4b04-88EB-625FBE52EBFB}</UniqueIdentifier>
      <Extensions>h;hh;hpp;hxx;h++;hm;inl;inc;ipp;xsd</Extensions>
    </Filter>
    <Filter Include="资源文件">
      <UniqueIdentifier>{67DA6AB6-F800-4c08-8B7A-83BB121AAD01}</UniqueIdentifier>
      <Extensions>rc;ico;cur;bmp;dlg;rc2;rct;bin;rgs;gif;jpg;jpeg;jpe;resx;tiff;tif;png;wav;mfcribbon-ms</Extensions>
    </Filter>
    <Filter Include="源文件\src">
      <UniqueIdentifier>{82ed6ba3-2ee4-4c0b-9ac0-97789b1a4de0}</UniqueIdentifier>
    </Filter>
    <Filter Include="头文件\include">
      <UniqueIdentifier>{69762714-048b-461f-bcbe-0af780c55145}</UniqueIdentifier>
    </Filter>
    <Filter Include="shader">
      <UniqueIdentifier>{bda3088b-782f-4217-b44d-06049fa40f94}</UniqueIdentifier>
    </Filter>
    <Filter Include="头文件\include\MyDx11">
      <UniqueIdentifier>{85d5a099-b2dc-4e92-bee4-0e71796283be}</UniqueIdentifier>
    </Filter>
    <Filter Include="源文件\src\MyDx11">
      <UniqueIdentifier>{e8958e41-4bca-4618-acb7-005ca42ada80}</UniqueIdentifier>
    </Filter>
  </ItemGroup>
  <ItemGroup>
    <ClCompile Include="main.cpp">
      <Filter>源文件</Filter>
    </ClCompile>
    <ClCompile Include="src\MyWindow.cpp">
      <Filter>源文件\src</Filter>
    </ClCompile>
    <ClCompile Include="src\MyWindowClass.cpp">
      <Filter>源文件\src</Filter>
    </ClCompile>
    <ClCompile Include="src\MyDx11\DrawAbleAdapter.cpp">
      <Filter>源文件\src\MyDx11</Filter>
    </ClCompile>
    <ClCompile Include="src\MyDx11\IndexBufferBindAble.cpp">
      <Filter>源文件\src\MyDx11</Filter>
    </ClCompile>
    <ClCompile Include="src\MyDx11\InputLayoutBindAble.cpp">
      <Filter>源文件\src\MyDx11</Filter>
    </ClCompile>
    <ClCompile Include="src\MyDx11\MyDx11.cpp">
      <Filter>源文件\src\MyDx11</Filter>
    </ClCompile>
    <ClCompile Include="src\MyDx11\PixelShaderBindAble.cpp">
      <Filter>源文件\src\MyDx11</Filter>
    </ClCompile>
    <ClCompile Include="src\MyDx11\Triangle2DDrawAble.cpp">
      <Filter>源文件\src\MyDx11</Filter>
    </ClCompile>
    <ClCompile Include="src\MyDx11\VertexBufferBindAble.cpp">
      <Filter>源文件\src\MyDx11</Filter>
    </ClCompile>
    <ClCompile Include="src\MyDx11\VertexShaderBindAble.cpp">
      <Filter>源文件\src\MyDx11</Filter>
    </ClCompile>
    <ClCompile Include="src\MyDx11\VertexStructure.cpp">
      <Filter>源文件\src\MyDx11</Filter>
    </ClCompile>
  </ItemGroup>
  <ItemGroup>
    <ClInclude Include="include\MyWindow.h">
      <Filter>头文件\include</Filter>
    </ClInclude>
    <ClInclude Include="include\MyWindowClass.h">
      <Filter>头文件\include</Filter>
    </ClInclude>
    <ClInclude Include="include\MyWindowInterface.h">
      <Filter>头文件\include</Filter>
    </ClInclude>
    <ClInclude Include="include\MyDx11\BindAbleInterface.h">
      <Filter>头文件\include\MyDx11</Filter>
    </ClInclude>
    <ClInclude Include="include\MyDx11\DrawAbleAdapter.h">
      <Filter>头文件\include\MyDx11</Filter>
    </ClInclude>
    <ClInclude Include="include\MyDx11\DrawAbleInterface.h">
      <Filter>头文件\include\MyDx11</Filter>
    </ClInclude>
    <ClInclude Include="include\MyDx11\IndexBufferBindAble.h">
      <Filter>头文件\include\MyDx11</Filter>
    </ClInclude>
    <ClInclude Include="include\MyDx11\InputLayoutBindAble.h">
      <Filter>头文件\include\MyDx11</Filter>
    </ClInclude>
    <ClInclude Include="include\MyDx11\MyDx11.h">
      <Filter>头文件\include\MyDx11</Filter>
    </ClInclude>
    <ClInclude Include="include\MyDx11\PixelShaderBindAble.h">
      <Filter>头文件\include\MyDx11</Filter>
    </ClInclude>
    <ClInclude Include="include\MyDx11\Triangle2DDrawAble.h">
      <Filter>头文件\include\MyDx11</Filter>
    </ClInclude>
    <ClInclude Include="include\MyDx11\TrianglePixelShader2D.h">
      <Filter>头文件\include\MyDx11</Filter>
    </ClInclude>
    <ClInclude Include="include\MyDx11\TriangleVertexShader2D.h">
      <Filter>头文件\include\MyDx11</Filter>
    </ClInclude>
    <ClInclude Include="include\MyDx11\VertexBufferBindAble.h">
      <Filter>头文件\include\MyDx11</Filter>
    </ClInclude>
    <ClInclude Include="include\MyDx11\VertexShaderBindAble.h">
      <Filter>头文件\include\MyDx11</Filter>
    </ClInclude>
    <ClInclude Include="include\MyDx11\VertexStructure.h">
      <Filter>头文件\include\MyDx11</Filter>
    </ClInclude>
  </ItemGroup>
  <ItemGroup>
    <FxCompile Include="shader\TriangleVertexShader2D.hlsl">
      <Filter>shader</Filter>
    </FxCompile>
    <FxCompile Include="shader\TrianglePixelShader2D.hlsl">
      <Filter>shader</Filter>
    </FxCompile>
  </ItemGroup>
</Project>